# This file is automatically @generated by Cargo.
# It is not intended for manual editing.
version = 4

[[package]]
name = "equivalent"
version = "1.0.2"
source = "registry+https://github.com/rust-lang/crates.io-index"
checksum = "877a4ace8713b0bcf2a4e7eec82529c029f1d0619886d18145fea96c3ffe5c0f"

[[package]]
name = "hashbrown"
version = "0.15.4"
source = "registry+https://github.com/rust-lang/crates.io-index"
checksum = "5971ac85611da7067dbfcabef3c70ebb5606018acd9e2a3903a0da507521e0d5"

[[package]]
name = "indexmap"
version = "2.9.0"
source = "registry+https://github.com/rust-lang/crates.io-index"
checksum = "cea70ddb795996207ad57735b50c5982d8844f38ba9ee5f1aedcfb708a2aa11e"
dependencies = [
 "equivalent",
 "hashbrown",
]

[[package]]
name = "memchr"
version = "2.7.5"
source = "registry+https://github.com/rust-lang/crates.io-index"
checksum = "32a282da65faaf38286cf3be983213fcf1d2e2a58700e808f83f4ea9a4804bc0"

[[package]]
name = "path-clean"
version = "1.0.1"
source = "registry+https://github.com/rust-lang/crates.io-index"
checksum = "17359afc20d7ab31fdb42bb844c8b3bb1dabd7dcf7e68428492da7f16966fcef"

[[package]]
name = "percent-encoding"
version = "2.3.1"
source = "registry+https://github.com/rust-lang/crates.io-index"
checksum = "e3148f5046208a5d56bcfc03053e3ca6334e51da8dfb19b6cdc8b306fae3283e"

[[package]]
name = "quick-xml"
version = "0.37.5"
source = "registry+https://github.com/rust-lang/crates.io-index"
checksum = "331e97a1af0bf59823e6eadffe373d7b27f485be8748f71471c662c1f269b7fb"
dependencies = [
 "memchr",
]

[[package]]
name = "web-compiler"
version = "0.1.0"

[[package]]
name = "web-compiler-core"
version = "0.1.0"

[[package]]
name = "web-compiler-io-types"
version = "0.1.0"

[[package]]
name = "web-compiler-macro-types"
version = "0.1.0"
dependencies = [
 "path-clean",
 "percent-encoding",
 "web-compiler-io-types",
 "web-compiler-xml-ast",
]

[[package]]
name = "web-compiler-xml-ast"
version = "0.1.0"
dependencies = [
 "indexmap",
 "quick-xml",
 "web-compiler-io-types",
]
