# This file is automatically @generated by Cargo.
# It is not intended for manual editing.
version = 4

[[package]]
name = "web-compiler"
version = "0.1.0"

[[package]]
name = "web-compiler-common"
version = "0.1.0"

[[package]]
name = "web-compiler-core"
version = "0.1.0"

[[package]]
name = "web-compiler-html-ast"
version = "0.1.0"
